
Microsoft Visual Studio Solution File, Format Version 12.00
# Visual Studio 14
VisualStudioVersion = 14.0.23107.0
MinimumVisualStudioVersion = 10.0.40219.1
Project("{2150E333-8FDC-42A3-9474-1A3956D46DE8}") = "MidBase", "MidBase", "{9FAF02F3-6DFF-4566-B13B-5CA20A341F53}"
EndProject
Project("{FAE04EC0-301F-11D3-BF4B-00C04F79EFBC}") = "Mid.EntityJsonSerializer", "Mid.EntityJsonSerializer\Mid.EntityJsonSerializer.csproj", "{207E91B1-C9F8-4913-88E1-3549EF5F3273}"
EndProject
Project("{FAE04EC0-301F-11D3-BF4B-00C04F79EFBC}") = "Mid.Tools", "Mid.Tools\Mid.Tools.csproj", "{2D63B715-9ABA-4946-BB1C-8D6B9C0FE508}"
EndProject
Project("{FAE04EC0-301F-11D3-BF4B-00C04F79EFBC}") = "Business.WWW", "Business.WWW\Business.WWW.csproj", "{A41981ED-3C06-421F-840F-221265C41ADB}"
EndProject
Project("{FAE04EC0-301F-11D3-BF4B-00C04F79EFBC}") = "Business.Core", "Business.Core\Business.Core.csproj", "{3B02DBAA-1A33-46F1-A963-5BB0A9021687}"
EndProject
Project("{2150E333-8FDC-42A3-9474-1A3956D46DE8}") = "LogicApps", "LogicApps", "{720E3F84-164A-4C69-865C-D73BFA0F1E3A}"
	ProjectSection(SolutionItems) = preProject
		Todo.txt = Todo.txt
	EndProjectSection
EndProject
Global
	GlobalSection(SolutionConfigurationPlatforms) = preSolution
		Debug|Any CPU = Debug|Any CPU
		Debug|ARM = Debug|ARM
		Debug|Mixed Platforms = Debug|Mixed Platforms
		Debug|x64 = Debug|x64
		Debug|x86 = Debug|x86
		Mixed Platforms|Any CPU = Mixed Platforms|Any CPU
		Mixed Platforms|ARM = Mixed Platforms|ARM
		Mixed Platforms|Mixed Platforms = Mixed Platforms|Mixed Platforms
		Mixed Platforms|x64 = Mixed Platforms|x64
		Mixed Platforms|x86 = Mixed Platforms|x86
		Production|Any CPU = Production|Any CPU
		Production|ARM = Production|ARM
		Production|Mixed Platforms = Production|Mixed Platforms
		Production|x64 = Production|x64
		Production|x86 = Production|x86
		QA|Any CPU = QA|Any CPU
		QA|ARM = QA|ARM
		QA|Mixed Platforms = QA|Mixed Platforms
		QA|x64 = QA|x64
		QA|x86 = QA|x86
		Release|Any CPU = Release|Any CPU
		Release|ARM = Release|ARM
		Release|Mixed Platforms = Release|Mixed Platforms
		Release|x64 = Release|x64
		Release|x86 = Release|x86
	EndGlobalSection
	GlobalSection(ProjectConfigurationPlatforms) = postSolution
		{207E91B1-C9F8-4913-88E1-3549EF5F3273}.Debug|Any CPU.ActiveCfg = Debug|Any CPU
		{207E91B1-C9F8-4913-88E1-3549EF5F3273}.Debug|Any CPU.Build.0 = Debug|Any CPU
		{207E91B1-C9F8-4913-88E1-3549EF5F3273}.Debug|ARM.ActiveCfg = Debug|Any CPU
		{207E91B1-C9F8-4913-88E1-3549EF5F3273}.Debug|ARM.Build.0 = Debug|Any CPU
		{207E91B1-C9F8-4913-88E1-3549EF5F3273}.Debug|Mixed Platforms.ActiveCfg = Debug|Any CPU
		{207E91B1-C9F8-4913-88E1-3549EF5F3273}.Debug|Mixed Platforms.Build.0 = Debug|Any CPU
		{207E91B1-C9F8-4913-88E1-3549EF5F3273}.Debug|x64.ActiveCfg = Debug|Any CPU
		{207E91B1-C9F8-4913-88E1-3549EF5F3273}.Debug|x86.ActiveCfg = Debug|Any CPU
		{207E91B1-C9F8-4913-88E1-3549EF5F3273}.Mixed Platforms|Any CPU.ActiveCfg = Release|Any CPU
		{207E91B1-C9F8-4913-88E1-3549EF5F3273}.Mixed Platforms|Any CPU.Build.0 = Release|Any CPU
		{207E91B1-C9F8-4913-88E1-3549EF5F3273}.Mixed Platforms|ARM.ActiveCfg = Release|Any CPU
		{207E91B1-C9F8-4913-88E1-3549EF5F3273}.Mixed Platforms|ARM.Build.0 = Release|Any CPU
		{207E91B1-C9F8-4913-88E1-3549EF5F3273}.Mixed Platforms|Mixed Platforms.ActiveCfg = Release|Any CPU
		{207E91B1-C9F8-4913-88E1-3549EF5F3273}.Mixed Platforms|Mixed Platforms.Build.0 = Release|Any CPU
		{207E91B1-C9F8-4913-88E1-3549EF5F3273}.Mixed Platforms|x64.ActiveCfg = Release|Any CPU
		{207E91B1-C9F8-4913-88E1-3549EF5F3273}.Mixed Platforms|x86.ActiveCfg = Release|Any CPU
		{207E91B1-C9F8-4913-88E1-3549EF5F3273}.Production|Any CPU.ActiveCfg = Release|Any CPU
		{207E91B1-C9F8-4913-88E1-3549EF5F3273}.Production|Any CPU.Build.0 = Release|Any CPU
		{207E91B1-C9F8-4913-88E1-3549EF5F3273}.Production|ARM.ActiveCfg = Release|Any CPU
		{207E91B1-C9F8-4913-88E1-3549EF5F3273}.Production|ARM.Build.0 = Release|Any CPU
		{207E91B1-C9F8-4913-88E1-3549EF5F3273}.Production|Mixed Platforms.ActiveCfg = Release|Any CPU
		{207E91B1-C9F8-4913-88E1-3549EF5F3273}.Production|Mixed Platforms.Build.0 = Release|Any CPU
		{207E91B1-C9F8-4913-88E1-3549EF5F3273}.Production|x64.ActiveCfg = Release|Any CPU
		{207E91B1-C9F8-4913-88E1-3549EF5F3273}.Production|x86.ActiveCfg = Release|Any CPU
		{207E91B1-C9F8-4913-88E1-3549EF5F3273}.QA|Any CPU.ActiveCfg = Release|Any CPU
		{207E91B1-C9F8-4913-88E1-3549EF5F3273}.QA|Any CPU.Build.0 = Release|Any CPU
		{207E91B1-C9F8-4913-88E1-3549EF5F3273}.QA|ARM.ActiveCfg = Release|Any CPU
		{207E91B1-C9F8-4913-88E1-3549EF5F3273}.QA|ARM.Build.0 = Release|Any CPU
		{207E91B1-C9F8-4913-88E1-3549EF5F3273}.QA|Mixed Platforms.ActiveCfg = Release|Any CPU
		{207E91B1-C9F8-4913-88E1-3549EF5F3273}.QA|Mixed Platforms.Build.0 = Release|Any CPU
		{207E91B1-C9F8-4913-88E1-3549EF5F3273}.QA|x64.ActiveCfg = Release|Any CPU
		{207E91B1-C9F8-4913-88E1-3549EF5F3273}.QA|x86.ActiveCfg = Release|Any CPU
		{207E91B1-C9F8-4913-88E1-3549EF5F3273}.Release|Any CPU.ActiveCfg = Release|Any CPU
		{207E91B1-C9F8-4913-88E1-3549EF5F3273}.Release|Any CPU.Build.0 = Release|Any CPU
		{207E91B1-C9F8-4913-88E1-3549EF5F3273}.Release|ARM.ActiveCfg = Release|Any CPU
		{207E91B1-C9F8-4913-88E1-3549EF5F3273}.Release|ARM.Build.0 = Release|Any CPU
		{207E91B1-C9F8-4913-88E1-3549EF5F3273}.Release|Mixed Platforms.ActiveCfg = Release|Any CPU
		{207E91B1-C9F8-4913-88E1-3549EF5F3273}.Release|Mixed Platforms.Build.0 = Release|Any CPU
		{207E91B1-C9F8-4913-88E1-3549EF5F3273}.Release|x64.ActiveCfg = Release|Any CPU
		{207E91B1-C9F8-4913-88E1-3549EF5F3273}.Release|x86.ActiveCfg = Release|Any CPU
		{2D63B715-9ABA-4946-BB1C-8D6B9C0FE508}.Debug|Any CPU.ActiveCfg = Debug|Any CPU
		{2D63B715-9ABA-4946-BB1C-8D6B9C0FE508}.Debug|Any CPU.Build.0 = Debug|Any CPU
		{2D63B715-9ABA-4946-BB1C-8D6B9C0FE508}.Debug|ARM.ActiveCfg = Debug|Any CPU
		{2D63B715-9ABA-4946-BB1C-8D6B9C0FE508}.Debug|ARM.Build.0 = Debug|Any CPU
		{2D63B715-9ABA-4946-BB1C-8D6B9C0FE508}.Debug|Mixed Platforms.ActiveCfg = Debug|Any CPU
		{2D63B715-9ABA-4946-BB1C-8D6B9C0FE508}.Debug|Mixed Platforms.Build.0 = Debug|Any CPU
		{2D63B715-9ABA-4946-BB1C-8D6B9C0FE508}.Debug|x64.ActiveCfg = Debug|Any CPU
		{2D63B715-9ABA-4946-BB1C-8D6B9C0FE508}.Debug|x86.ActiveCfg = Debug|Any CPU
		{2D63B715-9ABA-4946-BB1C-8D6B9C0FE508}.Mixed Platforms|Any CPU.ActiveCfg = Release|Any CPU
		{2D63B715-9ABA-4946-BB1C-8D6B9C0FE508}.Mixed Platforms|Any CPU.Build.0 = Release|Any CPU
		{2D63B715-9ABA-4946-BB1C-8D6B9C0FE508}.Mixed Platforms|ARM.ActiveCfg = Release|Any CPU
		{2D63B715-9ABA-4946-BB1C-8D6B9C0FE508}.Mixed Platforms|ARM.Build.0 = Release|Any CPU
		{2D63B715-9ABA-4946-BB1C-8D6B9C0FE508}.Mixed Platforms|Mixed Platforms.ActiveCfg = Release|Any CPU
		{2D63B715-9ABA-4946-BB1C-8D6B9C0FE508}.Mixed Platforms|Mixed Platforms.Build.0 = Release|Any CPU
		{2D63B715-9ABA-4946-BB1C-8D6B9C0FE508}.Mixed Platforms|x64.ActiveCfg = Release|Any CPU
		{2D63B715-9ABA-4946-BB1C-8D6B9C0FE508}.Mixed Platforms|x86.ActiveCfg = Release|Any CPU
		{2D63B715-9ABA-4946-BB1C-8D6B9C0FE508}.Production|Any CPU.ActiveCfg = Release|Any CPU
		{2D63B715-9ABA-4946-BB1C-8D6B9C0FE508}.Production|Any CPU.Build.0 = Release|Any CPU
		{2D63B715-9ABA-4946-BB1C-8D6B9C0FE508}.Production|ARM.ActiveCfg = Release|Any CPU
		{2D63B715-9ABA-4946-BB1C-8D6B9C0FE508}.Production|ARM.Build.0 = Release|Any CPU
		{2D63B715-9ABA-4946-BB1C-8D6B9C0FE508}.Production|Mixed Platforms.ActiveCfg = Release|Any CPU
		{2D63B715-9ABA-4946-BB1C-8D6B9C0FE508}.Production|Mixed Platforms.Build.0 = Release|Any CPU
		{2D63B715-9ABA-4946-BB1C-8D6B9C0FE508}.Production|x64.ActiveCfg = Release|Any CPU
		{2D63B715-9ABA-4946-BB1C-8D6B9C0FE508}.Production|x86.ActiveCfg = Release|Any CPU
		{2D63B715-9ABA-4946-BB1C-8D6B9C0FE508}.QA|Any CPU.ActiveCfg = Release|Any CPU
		{2D63B715-9ABA-4946-BB1C-8D6B9C0FE508}.QA|Any CPU.Build.0 = Release|Any CPU
		{2D63B715-9ABA-4946-BB1C-8D6B9C0FE508}.QA|ARM.ActiveCfg = Release|Any CPU
		{2D63B715-9ABA-4946-BB1C-8D6B9C0FE508}.QA|ARM.Build.0 = Release|Any CPU
		{2D63B715-9ABA-4946-BB1C-8D6B9C0FE508}.QA|Mixed Platforms.ActiveCfg = Release|Any CPU
		{2D63B715-9ABA-4946-BB1C-8D6B9C0FE508}.QA|Mixed Platforms.Build.0 = Release|Any CPU
		{2D63B715-9ABA-4946-BB1C-8D6B9C0FE508}.QA|x64.ActiveCfg = Release|Any CPU
		{2D63B715-9ABA-4946-BB1C-8D6B9C0FE508}.QA|x86.ActiveCfg = Release|Any CPU
		{2D63B715-9ABA-4946-BB1C-8D6B9C0FE508}.Release|Any CPU.ActiveCfg = Release|Any CPU
		{2D63B715-9ABA-4946-BB1C-8D6B9C0FE508}.Release|Any CPU.Build.0 = Release|Any CPU
		{2D63B715-9ABA-4946-BB1C-8D6B9C0FE508}.Release|ARM.ActiveCfg = Release|Any CPU
		{2D63B715-9ABA-4946-BB1C-8D6B9C0FE508}.Release|ARM.Build.0 = Release|Any CPU
		{2D63B715-9ABA-4946-BB1C-8D6B9C0FE508}.Release|Mixed Platforms.ActiveCfg = Release|Any CPU
		{2D63B715-9ABA-4946-BB1C-8D6B9C0FE508}.Release|Mixed Platforms.Build.0 = Release|Any CPU
		{2D63B715-9ABA-4946-BB1C-8D6B9C0FE508}.Release|x64.ActiveCfg = Release|Any CPU
		{2D63B715-9ABA-4946-BB1C-8D6B9C0FE508}.Release|x86.ActiveCfg = Release|Any CPU
		{A41981ED-3C06-421F-840F-221265C41ADB}.Debug|Any CPU.ActiveCfg = Release|Any CPU
		{A41981ED-3C06-421F-840F-221265C41ADB}.Debug|Any CPU.Build.0 = Release|Any CPU
		{A41981ED-3C06-421F-840F-221265C41ADB}.Debug|ARM.ActiveCfg = Release|Any CPU
		{A41981ED-3C06-421F-840F-221265C41ADB}.Debug|ARM.Build.0 = Release|Any CPU
		{A41981ED-3C06-421F-840F-221265C41ADB}.Debug|Mixed Platforms.ActiveCfg = Release|Any CPU
		{A41981ED-3C06-421F-840F-221265C41ADB}.Debug|Mixed Platforms.Build.0 = Release|Any CPU
		{A41981ED-3C06-421F-840F-221265C41ADB}.Debug|x64.ActiveCfg = Release|Any CPU
		{A41981ED-3C06-421F-840F-221265C41ADB}.Debug|x64.Build.0 = Release|Any CPU
		{A41981ED-3C06-421F-840F-221265C41ADB}.Debug|x86.ActiveCfg = Release|Any CPU
		{A41981ED-3C06-421F-840F-221265C41ADB}.Debug|x86.Build.0 = Release|Any CPU
		{A41981ED-3C06-421F-840F-221265C41ADB}.Mixed Platforms|Any CPU.ActiveCfg = Release|Any CPU
		{A41981ED-3C06-421F-840F-221265C41ADB}.Mixed Platforms|Any CPU.Build.0 = Release|Any CPU
		{A41981ED-3C06-421F-840F-221265C41ADB}.Mixed Platforms|ARM.ActiveCfg = Release|Any CPU
		{A41981ED-3C06-421F-840F-221265C41ADB}.Mixed Platforms|ARM.Build.0 = Release|Any CPU
		{A41981ED-3C06-421F-840F-221265C41ADB}.Mixed Platforms|Mixed Platforms.ActiveCfg = Release|Any CPU
		{A41981ED-3C06-421F-840F-221265C41ADB}.Mixed Platforms|Mixed Platforms.Build.0 = Release|Any CPU
		{A41981ED-3C06-421F-840F-221265C41ADB}.Mixed Platforms|x64.ActiveCfg = Release|Any CPU
		{A41981ED-3C06-421F-840F-221265C41ADB}.Mixed Platforms|x64.Build.0 = Release|Any CPU
		{A41981ED-3C06-421F-840F-221265C41ADB}.Mixed Platforms|x86.ActiveCfg = Release|Any CPU
		{A41981ED-3C06-421F-840F-221265C41ADB}.Mixed Platforms|x86.Build.0 = Release|Any CPU
		{A41981ED-3C06-421F-840F-221265C41ADB}.Production|Any CPU.ActiveCfg = Release|Any CPU
		{A41981ED-3C06-421F-840F-221265C41ADB}.Production|Any CPU.Build.0 = Release|Any CPU
		{A41981ED-3C06-421F-840F-221265C41ADB}.Production|ARM.ActiveCfg = Release|Any CPU
		{A41981ED-3C06-421F-840F-221265C41ADB}.Production|ARM.Build.0 = Release|Any CPU
		{A41981ED-3C06-421F-840F-221265C41ADB}.Production|Mixed Platforms.ActiveCfg = Release|Any CPU
		{A41981ED-3C06-421F-840F-221265C41ADB}.Production|Mixed Platforms.Build.0 = Release|Any CPU
		{A41981ED-3C06-421F-840F-221265C41ADB}.Production|x64.ActiveCfg = Release|Any CPU
		{A41981ED-3C06-421F-840F-221265C41ADB}.Production|x64.Build.0 = Release|Any CPU
		{A41981ED-3C06-421F-840F-221265C41ADB}.Production|x86.ActiveCfg = Release|Any CPU
		{A41981ED-3C06-421F-840F-221265C41ADB}.Production|x86.Build.0 = Release|Any CPU
		{A41981ED-3C06-421F-840F-221265C41ADB}.QA|Any CPU.ActiveCfg = Release|Any CPU
		{A41981ED-3C06-421F-840F-221265C41ADB}.QA|Any CPU.Build.0 = Release|Any CPU
		{A41981ED-3C06-421F-840F-221265C41ADB}.QA|ARM.ActiveCfg = Release|Any CPU
		{A41981ED-3C06-421F-840F-221265C41ADB}.QA|ARM.Build.0 = Release|Any CPU
		{A41981ED-3C06-421F-840F-221265C41ADB}.QA|Mixed Platforms.ActiveCfg = Release|Any CPU
		{A41981ED-3C06-421F-840F-221265C41ADB}.QA|Mixed Platforms.Build.0 = Release|Any CPU
		{A41981ED-3C06-421F-840F-221265C41ADB}.QA|x64.ActiveCfg = Release|Any CPU
		{A41981ED-3C06-421F-840F-221265C41ADB}.QA|x64.Build.0 = Release|Any CPU
		{A41981ED-3C06-421F-840F-221265C41ADB}.QA|x86.ActiveCfg = Release|Any CPU
		{A41981ED-3C06-421F-840F-221265C41ADB}.QA|x86.Build.0 = Release|Any CPU
		{A41981ED-3C06-421F-840F-221265C41ADB}.Release|Any CPU.ActiveCfg = Release|Any CPU
		{A41981ED-3C06-421F-840F-221265C41ADB}.Release|Any CPU.Build.0 = Release|Any CPU
		{A41981ED-3C06-421F-840F-221265C41ADB}.Release|ARM.ActiveCfg = Release|Any CPU
		{A41981ED-3C06-421F-840F-221265C41ADB}.Release|ARM.Build.0 = Release|Any CPU
		{A41981ED-3C06-421F-840F-221265C41ADB}.Release|Mixed Platforms.ActiveCfg = Release|Any CPU
		{A41981ED-3C06-421F-840F-221265C41ADB}.Release|Mixed Platforms.Build.0 = Release|Any CPU
		{A41981ED-3C06-421F-840F-221265C41ADB}.Release|x64.ActiveCfg = Release|Any CPU
		{A41981ED-3C06-421F-840F-221265C41ADB}.Release|x64.Build.0 = Release|Any CPU
		{A41981ED-3C06-421F-840F-221265C41ADB}.Release|x86.ActiveCfg = Release|Any CPU
		{A41981ED-3C06-421F-840F-221265C41ADB}.Release|x86.Build.0 = Release|Any CPU
		{3B02DBAA-1A33-46F1-A963-5BB0A9021687}.Debug|Any CPU.ActiveCfg = Debug|Any CPU
		{3B02DBAA-1A33-46F1-A963-5BB0A9021687}.Debug|Any CPU.Build.0 = Debug|Any CPU
		{3B02DBAA-1A33-46F1-A963-5BB0A9021687}.Debug|ARM.ActiveCfg = Debug|Any CPU
		{3B02DBAA-1A33-46F1-A963-5BB0A9021687}.Debug|ARM.Build.0 = Debug|Any CPU
		{3B02DBAA-1A33-46F1-A963-5BB0A9021687}.Debug|Mixed Platforms.ActiveCfg = Debug|Any CPU
		{3B02DBAA-1A33-46F1-A963-5BB0A9021687}.Debug|Mixed Platforms.Build.0 = Debug|Any CPU
		{3B02DBAA-1A33-46F1-A963-5BB0A9021687}.Debug|x64.ActiveCfg = Debug|Any CPU
		{3B02DBAA-1A33-46F1-A963-5BB0A9021687}.Debug|x64.Build.0 = Debug|Any CPU
		{3B02DBAA-1A33-46F1-A963-5BB0A9021687}.Debug|x86.ActiveCfg = Debug|Any CPU
		{3B02DBAA-1A33-46F1-A963-5BB0A9021687}.Debug|x86.Build.0 = Debug|Any CPU
		{3B02DBAA-1A33-46F1-A963-5BB0A9021687}.Mixed Platforms|Any CPU.ActiveCfg = Release|Any CPU
		{3B02DBAA-1A33-46F1-A963-5BB0A9021687}.Mixed Platforms|Any CPU.Build.0 = Release|Any CPU
		{3B02DBAA-1A33-46F1-A963-5BB0A9021687}.Mixed Platforms|ARM.ActiveCfg = Release|Any CPU
		{3B02DBAA-1A33-46F1-A963-5BB0A9021687}.Mixed Platforms|ARM.Build.0 = Release|Any CPU
		{3B02DBAA-1A33-46F1-A963-5BB0A9021687}.Mixed Platforms|Mixed Platforms.ActiveCfg = Release|Any CPU
		{3B02DBAA-1A33-46F1-A963-5BB0A9021687}.Mixed Platforms|Mixed Platforms.Build.0 = Release|Any CPU
		{3B02DBAA-1A33-46F1-A963-5BB0A9021687}.Mixed Platforms|x64.ActiveCfg = Release|Any CPU
		{3B02DBAA-1A33-46F1-A963-5BB0A9021687}.Mixed Platforms|x64.Build.0 = Release|Any CPU
		{3B02DBAA-1A33-46F1-A963-5BB0A9021687}.Mixed Platforms|x86.ActiveCfg = Release|Any CPU
		{3B02DBAA-1A33-46F1-A963-5BB0A9021687}.Mixed Platforms|x86.Build.0 = Release|Any CPU
		{3B02DBAA-1A33-46F1-A963-5BB0A9021687}.Production|Any CPU.ActiveCfg = Release|Any CPU
		{3B02DBAA-1A33-46F1-A963-5BB0A9021687}.Production|Any CPU.Build.0 = Release|Any CPU
		{3B02DBAA-1A33-46F1-A963-5BB0A9021687}.Production|ARM.ActiveCfg = Release|Any CPU
		{3B02DBAA-1A33-46F1-A963-5BB0A9021687}.Production|ARM.Build.0 = Release|Any CPU
		{3B02DBAA-1A33-46F1-A963-5BB0A9021687}.Production|Mixed Platforms.ActiveCfg = Release|Any CPU
		{3B02DBAA-1A33-46F1-A963-5BB0A9021687}.Production|Mixed Platforms.Build.0 = Release|Any CPU
		{3B02DBAA-1A33-46F1-A963-5BB0A9021687}.Production|x64.ActiveCfg = Release|Any CPU
		{3B02DBAA-1A33-46F1-A963-5BB0A9021687}.Production|x64.Build.0 = Release|Any CPU
		{3B02DBAA-1A33-46F1-A963-5BB0A9021687}.Production|x86.ActiveCfg = Release|Any CPU
		{3B02DBAA-1A33-46F1-A963-5BB0A9021687}.Production|x86.Build.0 = Release|Any CPU
		{3B02DBAA-1A33-46F1-A963-5BB0A9021687}.QA|Any CPU.ActiveCfg = Release|Any CPU
		{3B02DBAA-1A33-46F1-A963-5BB0A9021687}.QA|Any CPU.Build.0 = Release|Any CPU
		{3B02DBAA-1A33-46F1-A963-5BB0A9021687}.QA|ARM.ActiveCfg = Release|Any CPU
		{3B02DBAA-1A33-46F1-A963-5BB0A9021687}.QA|ARM.Build.0 = Release|Any CPU
		{3B02DBAA-1A33-46F1-A963-5BB0A9021687}.QA|Mixed Platforms.ActiveCfg = Release|Any CPU
		{3B02DBAA-1A33-46F1-A963-5BB0A9021687}.QA|Mixed Platforms.Build.0 = Release|Any CPU
		{3B02DBAA-1A33-46F1-A963-5BB0A9021687}.QA|x64.ActiveCfg = Release|Any CPU
		{3B02DBAA-1A33-46F1-A963-5BB0A9021687}.QA|x64.Build.0 = Release|Any CPU
		{3B02DBAA-1A33-46F1-A963-5BB0A9021687}.QA|x86.ActiveCfg = Release|Any CPU
		{3B02DBAA-1A33-46F1-A963-5BB0A9021687}.QA|x86.Build.0 = Release|Any CPU
		{3B02DBAA-1A33-46F1-A963-5BB0A9021687}.Release|Any CPU.ActiveCfg = Release|Any CPU
		{3B02DBAA-1A33-46F1-A963-5BB0A9021687}.Release|Any CPU.Build.0 = Release|Any CPU
		{3B02DBAA-1A33-46F1-A963-5BB0A9021687}.Release|ARM.ActiveCfg = Release|Any CPU
		{3B02DBAA-1A33-46F1-A963-5BB0A9021687}.Release|ARM.Build.0 = Release|Any CPU
		{3B02DBAA-1A33-46F1-A963-5BB0A9021687}.Release|Mixed Platforms.ActiveCfg = Release|Any CPU
		{3B02DBAA-1A33-46F1-A963-5BB0A9021687}.Release|Mixed Platforms.Build.0 = Release|Any CPU
		{3B02DBAA-1A33-46F1-A963-5BB0A9021687}.Release|x64.ActiveCfg = Release|Any CPU
		{3B02DBAA-1A33-46F1-A963-5BB0A9021687}.Release|x64.Build.0 = Release|Any CPU
		{3B02DBAA-1A33-46F1-A963-5BB0A9021687}.Release|x86.ActiveCfg = Release|Any CPU
		{3B02DBAA-1A33-46F1-A963-5BB0A9021687}.Release|x86.Build.0 = Release|Any CPU
	EndGlobalSection
	GlobalSection(SolutionProperties) = preSolution
		HideSolutionNode = FALSE
	EndGlobalSection
	GlobalSection(NestedProjects) = preSolution
		{207E91B1-C9F8-4913-88E1-3549EF5F3273} = {9FAF02F3-6DFF-4566-B13B-5CA20A341F53}
		{2D63B715-9ABA-4946-BB1C-8D6B9C0FE508} = {9FAF02F3-6DFF-4566-B13B-5CA20A341F53}
	EndGlobalSection
EndGlobal
