
Microsoft Visual Studio Solution File, Format Version 12.00
# Visual Studio 2012
Project("{2150E333-8FDC-42A3-9474-1A3956D46DE8}") = "ThirdParty", "ThirdParty", "{C844D468-37BE-4E96-970F-08C69E55300F}"
EndProject
Project("{2150E333-8FDC-42A3-9474-1A3956D46DE8}") = "MidBase", "MidBase", "{9FAF02F3-6DFF-4566-B13B-5CA20A341F53}"
EndProject
Project("{FAE04EC0-301F-11D3-BF4B-00C04F79EFBC}") = "Digital.Entity", "Digital.Entity\Digital.Entity.csproj", "{BA118013-F5DD-4755-9747-06EC094E02BB}"
EndProject
Project("{FAE04EC0-301F-11D3-BF4B-00C04F79EFBC}") = "Digital.Managers", "Digital.Managers\Digital.Managers.csproj", "{767E025A-4071-4B9E-85AB-7E14DF89EBAC}"
EndProject
Project("{FAE04EC0-301F-11D3-BF4B-00C04F79EFBC}") = "Mid.EntityJsonSerializer", "Mid.EntityJsonSerializer\Mid.EntityJsonSerializer.csproj", "{207E91B1-C9F8-4913-88E1-3549EF5F3273}"
EndProject
Project("{FAE04EC0-301F-11D3-BF4B-00C04F79EFBC}") = "Digital.Test", "Digital.Tests\Digital.Test.csproj", "{1535C14D-8649-48ED-AD95-A15895F9AA33}"
EndProject
Project("{FAE04EC0-301F-11D3-BF4B-00C04F79EFBC}") = "Digital.WWW", "Digital.WWW\Digital.WWW.csproj", "{A41981ED-3C06-421F-840F-221265C41ADB}"
	ProjectSection(ProjectDependencies) = postProject
		{2E02DFDC-940B-4530-B1C9-39E368F0AE08} = {2E02DFDC-940B-4530-B1C9-39E368F0AE08}
	EndProjectSection
EndProject
Project("{FAE04EC0-301F-11D3-BF4B-00C04F79EFBC}") = "OAuth2Provider", "Mid.OAuth\OAuth2Provider\OAuth2Provider.csproj", "{FC4244BA-992C-46CF-926F-B4B777363428}"
EndProject
Project("{FAE04EC0-301F-11D3-BF4B-00C04F79EFBC}") = "Mid.Tools", "Mid.Tools\Mid.Tools.csproj", "{2D63B715-9ABA-4946-BB1C-8D6B9C0FE508}"
EndProject
Project("{FAE04EC0-301F-11D3-BF4B-00C04F79EFBC}") = "Mid.TypeScriptTools", "Mid.TypeScriptTools\Mid.TypeScriptTools.csproj", "{2E02DFDC-940B-4530-B1C9-39E368F0AE08}"
EndProject
Global
	GlobalSection(SolutionConfigurationPlatforms) = preSolution
		Debug|Any CPU = Debug|Any CPU
		Debug|Mixed Platforms = Debug|Mixed Platforms
		Debug|x64 = Debug|x64
		Debug|x86 = Debug|x86
		Mixed Platforms|Any CPU = Mixed Platforms|Any CPU
		Mixed Platforms|Mixed Platforms = Mixed Platforms|Mixed Platforms
		Mixed Platforms|x64 = Mixed Platforms|x64
		Mixed Platforms|x86 = Mixed Platforms|x86
		Production|Any CPU = Production|Any CPU
		Production|Mixed Platforms = Production|Mixed Platforms
		Production|x64 = Production|x64
		Production|x86 = Production|x86
		QA|Any CPU = QA|Any CPU
		QA|Mixed Platforms = QA|Mixed Platforms
		QA|x64 = QA|x64
		QA|x86 = QA|x86
		Release|Any CPU = Release|Any CPU
		Release|Mixed Platforms = Release|Mixed Platforms
		Release|x64 = Release|x64
		Release|x86 = Release|x86
	EndGlobalSection
	GlobalSection(ProjectConfigurationPlatforms) = postSolution
		{BA118013-F5DD-4755-9747-06EC094E02BB}.Debug|Any CPU.ActiveCfg = Debug|Any CPU
		{BA118013-F5DD-4755-9747-06EC094E02BB}.Debug|Any CPU.Build.0 = Debug|Any CPU
		{BA118013-F5DD-4755-9747-06EC094E02BB}.Debug|Mixed Platforms.ActiveCfg = Debug|Any CPU
		{BA118013-F5DD-4755-9747-06EC094E02BB}.Debug|Mixed Platforms.Build.0 = Debug|Any CPU
		{BA118013-F5DD-4755-9747-06EC094E02BB}.Debug|x64.ActiveCfg = Debug|Any CPU
		{BA118013-F5DD-4755-9747-06EC094E02BB}.Debug|x86.ActiveCfg = Debug|Any CPU
		{BA118013-F5DD-4755-9747-06EC094E02BB}.Mixed Platforms|Any CPU.ActiveCfg = Release|Any CPU
		{BA118013-F5DD-4755-9747-06EC094E02BB}.Mixed Platforms|Any CPU.Build.0 = Release|Any CPU
		{BA118013-F5DD-4755-9747-06EC094E02BB}.Mixed Platforms|Mixed Platforms.ActiveCfg = Release|Any CPU
		{BA118013-F5DD-4755-9747-06EC094E02BB}.Mixed Platforms|Mixed Platforms.Build.0 = Release|Any CPU
		{BA118013-F5DD-4755-9747-06EC094E02BB}.Mixed Platforms|x64.ActiveCfg = Release|Any CPU
		{BA118013-F5DD-4755-9747-06EC094E02BB}.Mixed Platforms|x86.ActiveCfg = Release|Any CPU
		{BA118013-F5DD-4755-9747-06EC094E02BB}.Production|Any CPU.ActiveCfg = Release|Any CPU
		{BA118013-F5DD-4755-9747-06EC094E02BB}.Production|Any CPU.Build.0 = Release|Any CPU
		{BA118013-F5DD-4755-9747-06EC094E02BB}.Production|Mixed Platforms.ActiveCfg = Release|Any CPU
		{BA118013-F5DD-4755-9747-06EC094E02BB}.Production|Mixed Platforms.Build.0 = Release|Any CPU
		{BA118013-F5DD-4755-9747-06EC094E02BB}.Production|x64.ActiveCfg = Release|Any CPU
		{BA118013-F5DD-4755-9747-06EC094E02BB}.Production|x86.ActiveCfg = Release|Any CPU
		{BA118013-F5DD-4755-9747-06EC094E02BB}.QA|Any CPU.ActiveCfg = Release|Any CPU
		{BA118013-F5DD-4755-9747-06EC094E02BB}.QA|Any CPU.Build.0 = Release|Any CPU
		{BA118013-F5DD-4755-9747-06EC094E02BB}.QA|Mixed Platforms.ActiveCfg = Release|Any CPU
		{BA118013-F5DD-4755-9747-06EC094E02BB}.QA|Mixed Platforms.Build.0 = Release|Any CPU
		{BA118013-F5DD-4755-9747-06EC094E02BB}.QA|x64.ActiveCfg = Release|Any CPU
		{BA118013-F5DD-4755-9747-06EC094E02BB}.QA|x86.ActiveCfg = Release|Any CPU
		{BA118013-F5DD-4755-9747-06EC094E02BB}.Release|Any CPU.ActiveCfg = Release|Any CPU
		{BA118013-F5DD-4755-9747-06EC094E02BB}.Release|Any CPU.Build.0 = Release|Any CPU
		{BA118013-F5DD-4755-9747-06EC094E02BB}.Release|Mixed Platforms.ActiveCfg = Release|Any CPU
		{BA118013-F5DD-4755-9747-06EC094E02BB}.Release|Mixed Platforms.Build.0 = Release|Any CPU
		{BA118013-F5DD-4755-9747-06EC094E02BB}.Release|x64.ActiveCfg = Release|Any CPU
		{BA118013-F5DD-4755-9747-06EC094E02BB}.Release|x86.ActiveCfg = Release|Any CPU
		{767E025A-4071-4B9E-85AB-7E14DF89EBAC}.Debug|Any CPU.ActiveCfg = Debug|Any CPU
		{767E025A-4071-4B9E-85AB-7E14DF89EBAC}.Debug|Any CPU.Build.0 = Debug|Any CPU
		{767E025A-4071-4B9E-85AB-7E14DF89EBAC}.Debug|Mixed Platforms.ActiveCfg = Debug|Any CPU
		{767E025A-4071-4B9E-85AB-7E14DF89EBAC}.Debug|Mixed Platforms.Build.0 = Debug|Any CPU
		{767E025A-4071-4B9E-85AB-7E14DF89EBAC}.Debug|x64.ActiveCfg = Debug|Any CPU
		{767E025A-4071-4B9E-85AB-7E14DF89EBAC}.Debug|x86.ActiveCfg = Debug|Any CPU
		{767E025A-4071-4B9E-85AB-7E14DF89EBAC}.Mixed Platforms|Any CPU.ActiveCfg = Release|Any CPU
		{767E025A-4071-4B9E-85AB-7E14DF89EBAC}.Mixed Platforms|Any CPU.Build.0 = Release|Any CPU
		{767E025A-4071-4B9E-85AB-7E14DF89EBAC}.Mixed Platforms|Mixed Platforms.ActiveCfg = Release|Any CPU
		{767E025A-4071-4B9E-85AB-7E14DF89EBAC}.Mixed Platforms|Mixed Platforms.Build.0 = Release|Any CPU
		{767E025A-4071-4B9E-85AB-7E14DF89EBAC}.Mixed Platforms|x64.ActiveCfg = Release|Any CPU
		{767E025A-4071-4B9E-85AB-7E14DF89EBAC}.Mixed Platforms|x86.ActiveCfg = Release|Any CPU
		{767E025A-4071-4B9E-85AB-7E14DF89EBAC}.Production|Any CPU.ActiveCfg = Release|Any CPU
		{767E025A-4071-4B9E-85AB-7E14DF89EBAC}.Production|Any CPU.Build.0 = Release|Any CPU
		{767E025A-4071-4B9E-85AB-7E14DF89EBAC}.Production|Mixed Platforms.ActiveCfg = Release|Any CPU
		{767E025A-4071-4B9E-85AB-7E14DF89EBAC}.Production|Mixed Platforms.Build.0 = Release|Any CPU
		{767E025A-4071-4B9E-85AB-7E14DF89EBAC}.Production|x64.ActiveCfg = Release|Any CPU
		{767E025A-4071-4B9E-85AB-7E14DF89EBAC}.Production|x86.ActiveCfg = Release|Any CPU
		{767E025A-4071-4B9E-85AB-7E14DF89EBAC}.QA|Any CPU.ActiveCfg = Release|Any CPU
		{767E025A-4071-4B9E-85AB-7E14DF89EBAC}.QA|Any CPU.Build.0 = Release|Any CPU
		{767E025A-4071-4B9E-85AB-7E14DF89EBAC}.QA|Mixed Platforms.ActiveCfg = Release|Any CPU
		{767E025A-4071-4B9E-85AB-7E14DF89EBAC}.QA|Mixed Platforms.Build.0 = Release|Any CPU
		{767E025A-4071-4B9E-85AB-7E14DF89EBAC}.QA|x64.ActiveCfg = Release|Any CPU
		{767E025A-4071-4B9E-85AB-7E14DF89EBAC}.QA|x86.ActiveCfg = Release|Any CPU
		{767E025A-4071-4B9E-85AB-7E14DF89EBAC}.Release|Any CPU.ActiveCfg = Release|Any CPU
		{767E025A-4071-4B9E-85AB-7E14DF89EBAC}.Release|Any CPU.Build.0 = Release|Any CPU
		{767E025A-4071-4B9E-85AB-7E14DF89EBAC}.Release|Mixed Platforms.ActiveCfg = Release|Any CPU
		{767E025A-4071-4B9E-85AB-7E14DF89EBAC}.Release|Mixed Platforms.Build.0 = Release|Any CPU
		{767E025A-4071-4B9E-85AB-7E14DF89EBAC}.Release|x64.ActiveCfg = Release|Any CPU
		{767E025A-4071-4B9E-85AB-7E14DF89EBAC}.Release|x86.ActiveCfg = Release|Any CPU
		{207E91B1-C9F8-4913-88E1-3549EF5F3273}.Debug|Any CPU.ActiveCfg = Debug|Any CPU
		{207E91B1-C9F8-4913-88E1-3549EF5F3273}.Debug|Any CPU.Build.0 = Debug|Any CPU
		{207E91B1-C9F8-4913-88E1-3549EF5F3273}.Debug|Mixed Platforms.ActiveCfg = Debug|Any CPU
		{207E91B1-C9F8-4913-88E1-3549EF5F3273}.Debug|Mixed Platforms.Build.0 = Debug|Any CPU
		{207E91B1-C9F8-4913-88E1-3549EF5F3273}.Debug|x64.ActiveCfg = Debug|Any CPU
		{207E91B1-C9F8-4913-88E1-3549EF5F3273}.Debug|x86.ActiveCfg = Debug|Any CPU
		{207E91B1-C9F8-4913-88E1-3549EF5F3273}.Mixed Platforms|Any CPU.ActiveCfg = Release|Any CPU
		{207E91B1-C9F8-4913-88E1-3549EF5F3273}.Mixed Platforms|Any CPU.Build.0 = Release|Any CPU
		{207E91B1-C9F8-4913-88E1-3549EF5F3273}.Mixed Platforms|Mixed Platforms.ActiveCfg = Release|Any CPU
		{207E91B1-C9F8-4913-88E1-3549EF5F3273}.Mixed Platforms|Mixed Platforms.Build.0 = Release|Any CPU
		{207E91B1-C9F8-4913-88E1-3549EF5F3273}.Mixed Platforms|x64.ActiveCfg = Release|Any CPU
		{207E91B1-C9F8-4913-88E1-3549EF5F3273}.Mixed Platforms|x86.ActiveCfg = Release|Any CPU
		{207E91B1-C9F8-4913-88E1-3549EF5F3273}.Production|Any CPU.ActiveCfg = Release|Any CPU
		{207E91B1-C9F8-4913-88E1-3549EF5F3273}.Production|Any CPU.Build.0 = Release|Any CPU
		{207E91B1-C9F8-4913-88E1-3549EF5F3273}.Production|Mixed Platforms.ActiveCfg = Release|Any CPU
		{207E91B1-C9F8-4913-88E1-3549EF5F3273}.Production|Mixed Platforms.Build.0 = Release|Any CPU
		{207E91B1-C9F8-4913-88E1-3549EF5F3273}.Production|x64.ActiveCfg = Release|Any CPU
		{207E91B1-C9F8-4913-88E1-3549EF5F3273}.Production|x86.ActiveCfg = Release|Any CPU
		{207E91B1-C9F8-4913-88E1-3549EF5F3273}.QA|Any CPU.ActiveCfg = Release|Any CPU
		{207E91B1-C9F8-4913-88E1-3549EF5F3273}.QA|Any CPU.Build.0 = Release|Any CPU
		{207E91B1-C9F8-4913-88E1-3549EF5F3273}.QA|Mixed Platforms.ActiveCfg = Release|Any CPU
		{207E91B1-C9F8-4913-88E1-3549EF5F3273}.QA|Mixed Platforms.Build.0 = Release|Any CPU
		{207E91B1-C9F8-4913-88E1-3549EF5F3273}.QA|x64.ActiveCfg = Release|Any CPU
		{207E91B1-C9F8-4913-88E1-3549EF5F3273}.QA|x86.ActiveCfg = Release|Any CPU
		{207E91B1-C9F8-4913-88E1-3549EF5F3273}.Release|Any CPU.ActiveCfg = Release|Any CPU
		{207E91B1-C9F8-4913-88E1-3549EF5F3273}.Release|Any CPU.Build.0 = Release|Any CPU
		{207E91B1-C9F8-4913-88E1-3549EF5F3273}.Release|Mixed Platforms.ActiveCfg = Release|Any CPU
		{207E91B1-C9F8-4913-88E1-3549EF5F3273}.Release|Mixed Platforms.Build.0 = Release|Any CPU
		{207E91B1-C9F8-4913-88E1-3549EF5F3273}.Release|x64.ActiveCfg = Release|Any CPU
		{207E91B1-C9F8-4913-88E1-3549EF5F3273}.Release|x86.ActiveCfg = Release|Any CPU
		{1535C14D-8649-48ED-AD95-A15895F9AA33}.Debug|Any CPU.ActiveCfg = Debug|x86
		{1535C14D-8649-48ED-AD95-A15895F9AA33}.Debug|Mixed Platforms.ActiveCfg = Debug|x86
		{1535C14D-8649-48ED-AD95-A15895F9AA33}.Debug|Mixed Platforms.Build.0 = Debug|x86
		{1535C14D-8649-48ED-AD95-A15895F9AA33}.Debug|x64.ActiveCfg = Debug|x86
		{1535C14D-8649-48ED-AD95-A15895F9AA33}.Debug|x86.ActiveCfg = Debug|x86
		{1535C14D-8649-48ED-AD95-A15895F9AA33}.Debug|x86.Build.0 = Debug|x86
		{1535C14D-8649-48ED-AD95-A15895F9AA33}.Mixed Platforms|Any CPU.ActiveCfg = Release|x86
		{1535C14D-8649-48ED-AD95-A15895F9AA33}.Mixed Platforms|Mixed Platforms.ActiveCfg = Release|x86
		{1535C14D-8649-48ED-AD95-A15895F9AA33}.Mixed Platforms|Mixed Platforms.Build.0 = Release|x86
		{1535C14D-8649-48ED-AD95-A15895F9AA33}.Mixed Platforms|x64.ActiveCfg = Release|x86
		{1535C14D-8649-48ED-AD95-A15895F9AA33}.Mixed Platforms|x86.ActiveCfg = Release|x86
		{1535C14D-8649-48ED-AD95-A15895F9AA33}.Mixed Platforms|x86.Build.0 = Release|x86
		{1535C14D-8649-48ED-AD95-A15895F9AA33}.Production|Any CPU.ActiveCfg = Release|x86
		{1535C14D-8649-48ED-AD95-A15895F9AA33}.Production|Mixed Platforms.ActiveCfg = Release|x86
		{1535C14D-8649-48ED-AD95-A15895F9AA33}.Production|Mixed Platforms.Build.0 = Release|x86
		{1535C14D-8649-48ED-AD95-A15895F9AA33}.Production|x64.ActiveCfg = Release|x86
		{1535C14D-8649-48ED-AD95-A15895F9AA33}.Production|x86.ActiveCfg = Release|x86
		{1535C14D-8649-48ED-AD95-A15895F9AA33}.Production|x86.Build.0 = Release|x86
		{1535C14D-8649-48ED-AD95-A15895F9AA33}.QA|Any CPU.ActiveCfg = Release|x86
		{1535C14D-8649-48ED-AD95-A15895F9AA33}.QA|Mixed Platforms.ActiveCfg = Release|x86
		{1535C14D-8649-48ED-AD95-A15895F9AA33}.QA|Mixed Platforms.Build.0 = Release|x86
		{1535C14D-8649-48ED-AD95-A15895F9AA33}.QA|x64.ActiveCfg = Release|x86
		{1535C14D-8649-48ED-AD95-A15895F9AA33}.QA|x86.ActiveCfg = Release|x86
		{1535C14D-8649-48ED-AD95-A15895F9AA33}.QA|x86.Build.0 = Release|x86
		{1535C14D-8649-48ED-AD95-A15895F9AA33}.Release|Any CPU.ActiveCfg = Release|x86
		{1535C14D-8649-48ED-AD95-A15895F9AA33}.Release|Mixed Platforms.ActiveCfg = Release|x86
		{1535C14D-8649-48ED-AD95-A15895F9AA33}.Release|Mixed Platforms.Build.0 = Release|x86
		{1535C14D-8649-48ED-AD95-A15895F9AA33}.Release|x64.ActiveCfg = Release|x86
		{1535C14D-8649-48ED-AD95-A15895F9AA33}.Release|x86.ActiveCfg = Release|x86
		{1535C14D-8649-48ED-AD95-A15895F9AA33}.Release|x86.Build.0 = Release|x86
		{A41981ED-3C06-421F-840F-221265C41ADB}.Debug|Any CPU.ActiveCfg = Release|Any CPU
		{A41981ED-3C06-421F-840F-221265C41ADB}.Debug|Any CPU.Build.0 = Release|Any CPU
		{A41981ED-3C06-421F-840F-221265C41ADB}.Debug|Mixed Platforms.ActiveCfg = Release|Any CPU
		{A41981ED-3C06-421F-840F-221265C41ADB}.Debug|Mixed Platforms.Build.0 = Release|Any CPU
		{A41981ED-3C06-421F-840F-221265C41ADB}.Debug|x64.ActiveCfg = Release|Any CPU
		{A41981ED-3C06-421F-840F-221265C41ADB}.Debug|x86.ActiveCfg = Release|Any CPU
		{A41981ED-3C06-421F-840F-221265C41ADB}.Mixed Platforms|Any CPU.ActiveCfg = Release|Any CPU
		{A41981ED-3C06-421F-840F-221265C41ADB}.Mixed Platforms|Any CPU.Build.0 = Release|Any CPU
		{A41981ED-3C06-421F-840F-221265C41ADB}.Mixed Platforms|Mixed Platforms.ActiveCfg = Release|Any CPU
		{A41981ED-3C06-421F-840F-221265C41ADB}.Mixed Platforms|Mixed Platforms.Build.0 = Release|Any CPU
		{A41981ED-3C06-421F-840F-221265C41ADB}.Mixed Platforms|x64.ActiveCfg = Release|Any CPU
		{A41981ED-3C06-421F-840F-221265C41ADB}.Mixed Platforms|x86.ActiveCfg = Release|Any CPU
		{A41981ED-3C06-421F-840F-221265C41ADB}.Production|Any CPU.ActiveCfg = Release|Any CPU
		{A41981ED-3C06-421F-840F-221265C41ADB}.Production|Any CPU.Build.0 = Release|Any CPU
		{A41981ED-3C06-421F-840F-221265C41ADB}.Production|Mixed Platforms.ActiveCfg = Release|Any CPU
		{A41981ED-3C06-421F-840F-221265C41ADB}.Production|Mixed Platforms.Build.0 = Release|Any CPU
		{A41981ED-3C06-421F-840F-221265C41ADB}.Production|x64.ActiveCfg = Release|Any CPU
		{A41981ED-3C06-421F-840F-221265C41ADB}.Production|x86.ActiveCfg = Release|Any CPU
		{A41981ED-3C06-421F-840F-221265C41ADB}.QA|Any CPU.ActiveCfg = Release|Any CPU
		{A41981ED-3C06-421F-840F-221265C41ADB}.QA|Any CPU.Build.0 = Release|Any CPU
		{A41981ED-3C06-421F-840F-221265C41ADB}.QA|Mixed Platforms.ActiveCfg = Release|Any CPU
		{A41981ED-3C06-421F-840F-221265C41ADB}.QA|Mixed Platforms.Build.0 = Release|Any CPU
		{A41981ED-3C06-421F-840F-221265C41ADB}.QA|x64.ActiveCfg = Release|Any CPU
		{A41981ED-3C06-421F-840F-221265C41ADB}.QA|x86.ActiveCfg = Release|Any CPU
		{A41981ED-3C06-421F-840F-221265C41ADB}.Release|Any CPU.ActiveCfg = Release|Any CPU
		{A41981ED-3C06-421F-840F-221265C41ADB}.Release|Any CPU.Build.0 = Release|Any CPU
		{A41981ED-3C06-421F-840F-221265C41ADB}.Release|Mixed Platforms.ActiveCfg = Release|Any CPU
		{A41981ED-3C06-421F-840F-221265C41ADB}.Release|Mixed Platforms.Build.0 = Release|Any CPU
		{A41981ED-3C06-421F-840F-221265C41ADB}.Release|x64.ActiveCfg = Release|Any CPU
		{A41981ED-3C06-421F-840F-221265C41ADB}.Release|x86.ActiveCfg = Release|Any CPU
		{FC4244BA-992C-46CF-926F-B4B777363428}.Debug|Any CPU.ActiveCfg = Debug|Any CPU
		{FC4244BA-992C-46CF-926F-B4B777363428}.Debug|Any CPU.Build.0 = Debug|Any CPU
		{FC4244BA-992C-46CF-926F-B4B777363428}.Debug|Mixed Platforms.ActiveCfg = Debug|Any CPU
		{FC4244BA-992C-46CF-926F-B4B777363428}.Debug|Mixed Platforms.Build.0 = Debug|Any CPU
		{FC4244BA-992C-46CF-926F-B4B777363428}.Debug|x64.ActiveCfg = Debug|Any CPU
		{FC4244BA-992C-46CF-926F-B4B777363428}.Debug|x86.ActiveCfg = Debug|Any CPU
		{FC4244BA-992C-46CF-926F-B4B777363428}.Mixed Platforms|Any CPU.ActiveCfg = Release|Any CPU
		{FC4244BA-992C-46CF-926F-B4B777363428}.Mixed Platforms|Any CPU.Build.0 = Release|Any CPU
		{FC4244BA-992C-46CF-926F-B4B777363428}.Mixed Platforms|Mixed Platforms.ActiveCfg = Release|Any CPU
		{FC4244BA-992C-46CF-926F-B4B777363428}.Mixed Platforms|Mixed Platforms.Build.0 = Release|Any CPU
		{FC4244BA-992C-46CF-926F-B4B777363428}.Mixed Platforms|x64.ActiveCfg = Release|Any CPU
		{FC4244BA-992C-46CF-926F-B4B777363428}.Mixed Platforms|x86.ActiveCfg = Release|Any CPU
		{FC4244BA-992C-46CF-926F-B4B777363428}.Production|Any CPU.ActiveCfg = Release|Any CPU
		{FC4244BA-992C-46CF-926F-B4B777363428}.Production|Any CPU.Build.0 = Release|Any CPU
		{FC4244BA-992C-46CF-926F-B4B777363428}.Production|Mixed Platforms.ActiveCfg = Release|Any CPU
		{FC4244BA-992C-46CF-926F-B4B777363428}.Production|Mixed Platforms.Build.0 = Release|Any CPU
		{FC4244BA-992C-46CF-926F-B4B777363428}.Production|x64.ActiveCfg = Release|Any CPU
		{FC4244BA-992C-46CF-926F-B4B777363428}.Production|x86.ActiveCfg = Release|Any CPU
		{FC4244BA-992C-46CF-926F-B4B777363428}.QA|Any CPU.ActiveCfg = Release|Any CPU
		{FC4244BA-992C-46CF-926F-B4B777363428}.QA|Any CPU.Build.0 = Release|Any CPU
		{FC4244BA-992C-46CF-926F-B4B777363428}.QA|Mixed Platforms.ActiveCfg = Release|Any CPU
		{FC4244BA-992C-46CF-926F-B4B777363428}.QA|Mixed Platforms.Build.0 = Release|Any CPU
		{FC4244BA-992C-46CF-926F-B4B777363428}.QA|x64.ActiveCfg = Release|Any CPU
		{FC4244BA-992C-46CF-926F-B4B777363428}.QA|x86.ActiveCfg = Release|Any CPU
		{FC4244BA-992C-46CF-926F-B4B777363428}.Release|Any CPU.ActiveCfg = Release|Any CPU
		{FC4244BA-992C-46CF-926F-B4B777363428}.Release|Any CPU.Build.0 = Release|Any CPU
		{FC4244BA-992C-46CF-926F-B4B777363428}.Release|Mixed Platforms.ActiveCfg = Release|Any CPU
		{FC4244BA-992C-46CF-926F-B4B777363428}.Release|Mixed Platforms.Build.0 = Release|Any CPU
		{FC4244BA-992C-46CF-926F-B4B777363428}.Release|x64.ActiveCfg = Release|Any CPU
		{FC4244BA-992C-46CF-926F-B4B777363428}.Release|x86.ActiveCfg = Release|Any CPU
		{2D63B715-9ABA-4946-BB1C-8D6B9C0FE508}.Debug|Any CPU.ActiveCfg = Debug|Any CPU
		{2D63B715-9ABA-4946-BB1C-8D6B9C0FE508}.Debug|Any CPU.Build.0 = Debug|Any CPU
		{2D63B715-9ABA-4946-BB1C-8D6B9C0FE508}.Debug|Mixed Platforms.ActiveCfg = Debug|Any CPU
		{2D63B715-9ABA-4946-BB1C-8D6B9C0FE508}.Debug|Mixed Platforms.Build.0 = Debug|Any CPU
		{2D63B715-9ABA-4946-BB1C-8D6B9C0FE508}.Debug|x64.ActiveCfg = Debug|Any CPU
		{2D63B715-9ABA-4946-BB1C-8D6B9C0FE508}.Debug|x86.ActiveCfg = Debug|Any CPU
		{2D63B715-9ABA-4946-BB1C-8D6B9C0FE508}.Mixed Platforms|Any CPU.ActiveCfg = Release|Any CPU
		{2D63B715-9ABA-4946-BB1C-8D6B9C0FE508}.Mixed Platforms|Any CPU.Build.0 = Release|Any CPU
		{2D63B715-9ABA-4946-BB1C-8D6B9C0FE508}.Mixed Platforms|Mixed Platforms.ActiveCfg = Release|Any CPU
		{2D63B715-9ABA-4946-BB1C-8D6B9C0FE508}.Mixed Platforms|Mixed Platforms.Build.0 = Release|Any CPU
		{2D63B715-9ABA-4946-BB1C-8D6B9C0FE508}.Mixed Platforms|x64.ActiveCfg = Release|Any CPU
		{2D63B715-9ABA-4946-BB1C-8D6B9C0FE508}.Mixed Platforms|x86.ActiveCfg = Release|Any CPU
		{2D63B715-9ABA-4946-BB1C-8D6B9C0FE508}.Production|Any CPU.ActiveCfg = Release|Any CPU
		{2D63B715-9ABA-4946-BB1C-8D6B9C0FE508}.Production|Any CPU.Build.0 = Release|Any CPU
		{2D63B715-9ABA-4946-BB1C-8D6B9C0FE508}.Production|Mixed Platforms.ActiveCfg = Release|Any CPU
		{2D63B715-9ABA-4946-BB1C-8D6B9C0FE508}.Production|Mixed Platforms.Build.0 = Release|Any CPU
		{2D63B715-9ABA-4946-BB1C-8D6B9C0FE508}.Production|x64.ActiveCfg = Release|Any CPU
		{2D63B715-9ABA-4946-BB1C-8D6B9C0FE508}.Production|x86.ActiveCfg = Release|Any CPU
		{2D63B715-9ABA-4946-BB1C-8D6B9C0FE508}.QA|Any CPU.ActiveCfg = Release|Any CPU
		{2D63B715-9ABA-4946-BB1C-8D6B9C0FE508}.QA|Any CPU.Build.0 = Release|Any CPU
		{2D63B715-9ABA-4946-BB1C-8D6B9C0FE508}.QA|Mixed Platforms.ActiveCfg = Release|Any CPU
		{2D63B715-9ABA-4946-BB1C-8D6B9C0FE508}.QA|Mixed Platforms.Build.0 = Release|Any CPU
		{2D63B715-9ABA-4946-BB1C-8D6B9C0FE508}.QA|x64.ActiveCfg = Release|Any CPU
		{2D63B715-9ABA-4946-BB1C-8D6B9C0FE508}.QA|x86.ActiveCfg = Release|Any CPU
		{2D63B715-9ABA-4946-BB1C-8D6B9C0FE508}.Release|Any CPU.ActiveCfg = Release|Any CPU
		{2D63B715-9ABA-4946-BB1C-8D6B9C0FE508}.Release|Any CPU.Build.0 = Release|Any CPU
		{2D63B715-9ABA-4946-BB1C-8D6B9C0FE508}.Release|Mixed Platforms.ActiveCfg = Release|Any CPU
		{2D63B715-9ABA-4946-BB1C-8D6B9C0FE508}.Release|Mixed Platforms.Build.0 = Release|Any CPU
		{2D63B715-9ABA-4946-BB1C-8D6B9C0FE508}.Release|x64.ActiveCfg = Release|Any CPU
		{2D63B715-9ABA-4946-BB1C-8D6B9C0FE508}.Release|x86.ActiveCfg = Release|Any CPU
		{2E02DFDC-940B-4530-B1C9-39E368F0AE08}.Debug|Any CPU.ActiveCfg = Debug|Any CPU
		{2E02DFDC-940B-4530-B1C9-39E368F0AE08}.Debug|Any CPU.Build.0 = Debug|Any CPU
		{2E02DFDC-940B-4530-B1C9-39E368F0AE08}.Debug|Mixed Platforms.ActiveCfg = Debug|Any CPU
		{2E02DFDC-940B-4530-B1C9-39E368F0AE08}.Debug|Mixed Platforms.Build.0 = Debug|Any CPU
		{2E02DFDC-940B-4530-B1C9-39E368F0AE08}.Debug|x64.ActiveCfg = Debug|Any CPU
		{2E02DFDC-940B-4530-B1C9-39E368F0AE08}.Debug|x86.ActiveCfg = Debug|Any CPU
		{2E02DFDC-940B-4530-B1C9-39E368F0AE08}.Mixed Platforms|Any CPU.ActiveCfg = Release|Any CPU
		{2E02DFDC-940B-4530-B1C9-39E368F0AE08}.Mixed Platforms|Any CPU.Build.0 = Release|Any CPU
		{2E02DFDC-940B-4530-B1C9-39E368F0AE08}.Mixed Platforms|Mixed Platforms.ActiveCfg = Release|Any CPU
		{2E02DFDC-940B-4530-B1C9-39E368F0AE08}.Mixed Platforms|Mixed Platforms.Build.0 = Release|Any CPU
		{2E02DFDC-940B-4530-B1C9-39E368F0AE08}.Mixed Platforms|x64.ActiveCfg = Release|Any CPU
		{2E02DFDC-940B-4530-B1C9-39E368F0AE08}.Mixed Platforms|x86.ActiveCfg = Release|Any CPU
		{2E02DFDC-940B-4530-B1C9-39E368F0AE08}.Production|Any CPU.ActiveCfg = Release|Any CPU
		{2E02DFDC-940B-4530-B1C9-39E368F0AE08}.Production|Any CPU.Build.0 = Release|Any CPU
		{2E02DFDC-940B-4530-B1C9-39E368F0AE08}.Production|Mixed Platforms.ActiveCfg = Release|Any CPU
		{2E02DFDC-940B-4530-B1C9-39E368F0AE08}.Production|Mixed Platforms.Build.0 = Release|Any CPU
		{2E02DFDC-940B-4530-B1C9-39E368F0AE08}.Production|x64.ActiveCfg = Release|Any CPU
		{2E02DFDC-940B-4530-B1C9-39E368F0AE08}.Production|x86.ActiveCfg = Release|Any CPU
		{2E02DFDC-940B-4530-B1C9-39E368F0AE08}.QA|Any CPU.ActiveCfg = Release|Any CPU
		{2E02DFDC-940B-4530-B1C9-39E368F0AE08}.QA|Any CPU.Build.0 = Release|Any CPU
		{2E02DFDC-940B-4530-B1C9-39E368F0AE08}.QA|Mixed Platforms.ActiveCfg = Release|Any CPU
		{2E02DFDC-940B-4530-B1C9-39E368F0AE08}.QA|Mixed Platforms.Build.0 = Release|Any CPU
		{2E02DFDC-940B-4530-B1C9-39E368F0AE08}.QA|x64.ActiveCfg = Release|Any CPU
		{2E02DFDC-940B-4530-B1C9-39E368F0AE08}.QA|x86.ActiveCfg = Release|Any CPU
		{2E02DFDC-940B-4530-B1C9-39E368F0AE08}.Release|Any CPU.ActiveCfg = Release|Any CPU
		{2E02DFDC-940B-4530-B1C9-39E368F0AE08}.Release|Any CPU.Build.0 = Release|Any CPU
		{2E02DFDC-940B-4530-B1C9-39E368F0AE08}.Release|Mixed Platforms.ActiveCfg = Release|Any CPU
		{2E02DFDC-940B-4530-B1C9-39E368F0AE08}.Release|Mixed Platforms.Build.0 = Release|Any CPU
		{2E02DFDC-940B-4530-B1C9-39E368F0AE08}.Release|x64.ActiveCfg = Release|Any CPU
		{2E02DFDC-940B-4530-B1C9-39E368F0AE08}.Release|x86.ActiveCfg = Release|Any CPU
	EndGlobalSection
	GlobalSection(SolutionProperties) = preSolution
		HideSolutionNode = FALSE
	EndGlobalSection
	GlobalSection(NestedProjects) = preSolution
		{FC4244BA-992C-46CF-926F-B4B777363428} = {C844D468-37BE-4E96-970F-08C69E55300F}
		{207E91B1-C9F8-4913-88E1-3549EF5F3273} = {9FAF02F3-6DFF-4566-B13B-5CA20A341F53}
		{2D63B715-9ABA-4946-BB1C-8D6B9C0FE508} = {9FAF02F3-6DFF-4566-B13B-5CA20A341F53}
		{2E02DFDC-940B-4530-B1C9-39E368F0AE08} = {9FAF02F3-6DFF-4566-B13B-5CA20A341F53}
	EndGlobalSection
EndGlobal
