
Microsoft Visual Studio Solution File, Format Version 11.00
# Visual Studio 2010
Project("{FAE04EC0-301F-11D3-BF4B-00C04F79EFBC}") = "Common.Tools", "Common.Tools\Common.Tools.csproj", "{D603599D-2AE8-44BF-B639-848E0DA3BAEE}"
EndProject
Project("{FAE04EC0-301F-11D3-BF4B-00C04F79EFBC}") = "Common.Tools.Test", "Common.Tools.Test\Common.Tools.Test.csproj", "{497E5997-4F7C-469D-B044-C2430F7AD56E}"
EndProject
Project("{FAE04EC0-301F-11D3-BF4B-00C04F79EFBC}") = "Common.Tools.Test.App", "Common.Tools.Test.App\Common.Tools.Test.App.csproj", "{450F3429-61B0-48D2-BCCE-D526ECB7B1D3}"
EndProject
Global
	GlobalSection(TestCaseManagementSettings) = postSolution
		CategoryFile = WindowsFormsApplication.vsmdi
	EndGlobalSection
	GlobalSection(SolutionConfigurationPlatforms) = preSolution
		Debug|Any CPU = Debug|Any CPU
		Debug|Mixed Platforms = Debug|Mixed Platforms
		Debug|x86 = Debug|x86
		Release|Any CPU = Release|Any CPU
		Release|Mixed Platforms = Release|Mixed Platforms
		Release|x86 = Release|x86
	EndGlobalSection
	GlobalSection(ProjectConfigurationPlatforms) = postSolution
		{D603599D-2AE8-44BF-B639-848E0DA3BAEE}.Debug|Any CPU.ActiveCfg = Debug|Any CPU
		{D603599D-2AE8-44BF-B639-848E0DA3BAEE}.Debug|Any CPU.Build.0 = Debug|Any CPU
		{D603599D-2AE8-44BF-B639-848E0DA3BAEE}.Debug|Mixed Platforms.ActiveCfg = Debug|Any CPU
		{D603599D-2AE8-44BF-B639-848E0DA3BAEE}.Debug|Mixed Platforms.Build.0 = Debug|Any CPU
		{D603599D-2AE8-44BF-B639-848E0DA3BAEE}.Debug|x86.ActiveCfg = Debug|Any CPU
		{D603599D-2AE8-44BF-B639-848E0DA3BAEE}.Release|Any CPU.ActiveCfg = Release|Any CPU
		{D603599D-2AE8-44BF-B639-848E0DA3BAEE}.Release|Any CPU.Build.0 = Release|Any CPU
		{D603599D-2AE8-44BF-B639-848E0DA3BAEE}.Release|Mixed Platforms.ActiveCfg = Release|Any CPU
		{D603599D-2AE8-44BF-B639-848E0DA3BAEE}.Release|Mixed Platforms.Build.0 = Release|Any CPU
		{D603599D-2AE8-44BF-B639-848E0DA3BAEE}.Release|x86.ActiveCfg = Release|Any CPU
		{497E5997-4F7C-469D-B044-C2430F7AD56E}.Debug|Any CPU.ActiveCfg = Debug|Any CPU
		{497E5997-4F7C-469D-B044-C2430F7AD56E}.Debug|Any CPU.Build.0 = Debug|Any CPU
		{497E5997-4F7C-469D-B044-C2430F7AD56E}.Debug|Mixed Platforms.ActiveCfg = Debug|Any CPU
		{497E5997-4F7C-469D-B044-C2430F7AD56E}.Debug|Mixed Platforms.Build.0 = Debug|Any CPU
		{497E5997-4F7C-469D-B044-C2430F7AD56E}.Debug|x86.ActiveCfg = Debug|Any CPU
		{497E5997-4F7C-469D-B044-C2430F7AD56E}.Release|Any CPU.ActiveCfg = Release|Any CPU
		{497E5997-4F7C-469D-B044-C2430F7AD56E}.Release|Any CPU.Build.0 = Release|Any CPU
		{497E5997-4F7C-469D-B044-C2430F7AD56E}.Release|Mixed Platforms.ActiveCfg = Release|Any CPU
		{497E5997-4F7C-469D-B044-C2430F7AD56E}.Release|Mixed Platforms.Build.0 = Release|Any CPU
		{497E5997-4F7C-469D-B044-C2430F7AD56E}.Release|x86.ActiveCfg = Release|Any CPU
		{450F3429-61B0-48D2-BCCE-D526ECB7B1D3}.Debug|Any CPU.ActiveCfg = Debug|x86
		{450F3429-61B0-48D2-BCCE-D526ECB7B1D3}.Debug|Mixed Platforms.ActiveCfg = Debug|x86
		{450F3429-61B0-48D2-BCCE-D526ECB7B1D3}.Debug|Mixed Platforms.Build.0 = Debug|x86
		{450F3429-61B0-48D2-BCCE-D526ECB7B1D3}.Debug|x86.ActiveCfg = Debug|x86
		{450F3429-61B0-48D2-BCCE-D526ECB7B1D3}.Debug|x86.Build.0 = Debug|x86
		{450F3429-61B0-48D2-BCCE-D526ECB7B1D3}.Release|Any CPU.ActiveCfg = Release|x86
		{450F3429-61B0-48D2-BCCE-D526ECB7B1D3}.Release|Mixed Platforms.ActiveCfg = Release|x86
		{450F3429-61B0-48D2-BCCE-D526ECB7B1D3}.Release|Mixed Platforms.Build.0 = Release|x86
		{450F3429-61B0-48D2-BCCE-D526ECB7B1D3}.Release|x86.ActiveCfg = Release|x86
		{450F3429-61B0-48D2-BCCE-D526ECB7B1D3}.Release|x86.Build.0 = Release|x86
	EndGlobalSection
	GlobalSection(SolutionProperties) = preSolution
		HideSolutionNode = FALSE
	EndGlobalSection
EndGlobal
